
Microsoft Visual Studio Solution File, Format Version 12.00
# Visual Studio Version 17
VisualStudioVersion = 17.1.32210.238
MinimumVisualStudioVersion = 10.0.40219.1
Project("{FAE04EC0-301F-11D3-BF4B-00C04F79EFBC}") = "WpfApp_NTP_ders", "WpfApp_NTP_ders\WpfApp_NTP_ders.csproj", "{29774A40-7392-4296-BC8A-AC386BEBF58F}"
EndProject
Global
	GlobalSection(SolutionConfigurationPlatforms) = preSolution
		Debug|Any CPU = Debug|Any CPU
		Release|Any CPU = Release|Any CPU
	EndGlobalSection
	GlobalSection(ProjectConfigurationPlatforms) = postSolution
		{29774A40-7392-4296-BC8A-AC386BEBF58F}.Debug|Any CPU.ActiveCfg = Debug|Any CPU
		{29774A40-7392-4296-BC8A-AC386BEBF58F}.Debug|Any CPU.Build.0 = Debug|Any CPU
		{29774A40-7392-4296-BC8A-AC386BEBF58F}.Release|Any CPU.ActiveCfg = Release|Any CPU
		{29774A40-7392-4296-BC8A-AC386BEBF58F}.Release|Any CPU.Build.0 = Release|Any CPU
	EndGlobalSection
	GlobalSection(SolutionProperties) = preSolution
		HideSolutionNode = FALSE
	EndGlobalSection
	GlobalSection(ExtensibilityGlobals) = postSolution
		SolutionGuid = {3ACF1FB9-5ABF-443D-AEA1-D72790A9D411}
	EndGlobalSection
EndGlobal
